
Microsoft Visual Studio Solution File, Format Version 12.00
# Visual Studio Version 16
VisualStudioVersion = 16.0.28803.202
MinimumVisualStudioVersion = 10.0.40219.1
Project("{FAE04EC0-301F-11D3-BF4B-00C04F79EFBC}") = "ConsoleApp2", "ConsoleApp2\ConsoleApp2.csproj", "{B0E08F12-EB69-4627-A08E-F0228104D6F5}"
EndProject
Global
	GlobalSection(SolutionConfigurationPlatforms) = preSolution
		Debug|Any CPU = Debug|Any CPU
		Release|Any CPU = Release|Any CPU
	EndGlobalSection
	GlobalSection(ProjectConfigurationPlatforms) = postSolution
		{B0E08F12-EB69-4627-A08E-F0228104D6F5}.Debug|Any CPU.ActiveCfg = Debug|Any CPU
		{B0E08F12-EB69-4627-A08E-F0228104D6F5}.Debug|Any CPU.Build.0 = Debug|Any CPU
		{B0E08F12-EB69-4627-A08E-F0228104D6F5}.Release|Any CPU.ActiveCfg = Release|Any CPU
		{B0E08F12-EB69-4627-A08E-F0228104D6F5}.Release|Any CPU.Build.0 = Release|Any CPU
	EndGlobalSection
	GlobalSection(SolutionProperties) = preSolution
		HideSolutionNode = FALSE
	EndGlobalSection
	GlobalSection(ExtensibilityGlobals) = postSolution
		SolutionGuid = {6DB288D9-5C71-45A8-9E62-BC3DF96877EC}
	EndGlobalSection
EndGlobal
