
Microsoft Visual Studio Solution File, Format Version 12.00
# Visual Studio Version 16
VisualStudioVersion = 16.0.28803.202
MinimumVisualStudioVersion = 10.0.40219.1
Project("{FAE04EC0-301F-11D3-BF4B-00C04F79EFBC}") = "Collections", "Collections\Collections.csproj", "{7FE50BF8-0324-4614-990B-8A50504026EF}"
EndProject
Global
	GlobalSection(SolutionConfigurationPlatforms) = preSolution
		Debug|Any CPU = Debug|Any CPU
		Release|Any CPU = Release|Any CPU
	EndGlobalSection
	GlobalSection(ProjectConfigurationPlatforms) = postSolution
		{7FE50BF8-0324-4614-990B-8A50504026EF}.Debug|Any CPU.ActiveCfg = Debug|Any CPU
		{7FE50BF8-0324-4614-990B-8A50504026EF}.Debug|Any CPU.Build.0 = Debug|Any CPU
		{7FE50BF8-0324-4614-990B-8A50504026EF}.Release|Any CPU.ActiveCfg = Release|Any CPU
		{7FE50BF8-0324-4614-990B-8A50504026EF}.Release|Any CPU.Build.0 = Release|Any CPU
	EndGlobalSection
	GlobalSection(SolutionProperties) = preSolution
		HideSolutionNode = FALSE
	EndGlobalSection
	GlobalSection(ExtensibilityGlobals) = postSolution
		SolutionGuid = {D108DA06-56FC-4FF9-9477-9FFAEA44BB97}
	EndGlobalSection
EndGlobal
