
Microsoft Visual Studio Solution File, Format Version 12.00
# Visual Studio Version 16
VisualStudioVersion = 16.0.28803.202
MinimumVisualStudioVersion = 10.0.40219.1
Project("{FAE04EC0-301F-11D3-BF4B-00C04F79EFBC}") = "CollectionTesting.Library", "CollectionTesting.Library\CollectionTesting.Library.csproj", "{7F741340-E1F5-4A81-BFD8-962EC4DC00E2}"
EndProject
Project("{FAE04EC0-301F-11D3-BF4B-00C04F79EFBC}") = "CollectionTesting.Testing", "CollectionTesting.Testing\CollectionTesting.Testing.csproj", "{44A6DDA3-C3DF-44EC-8017-D7A57269F561}"
EndProject
Project("{FAE04EC0-301F-11D3-BF4B-00C04F79EFBC}") = "XUnitTestProject1", "XUnitTestProject1\XUnitTestProject1.csproj", "{0F19A708-B40F-4935-AB1E-55AEDD9E0795}"
EndProject
Global
	GlobalSection(SolutionConfigurationPlatforms) = preSolution
		Debug|Any CPU = Debug|Any CPU
		Release|Any CPU = Release|Any CPU
	EndGlobalSection
	GlobalSection(ProjectConfigurationPlatforms) = postSolution
		{7F741340-E1F5-4A81-BFD8-962EC4DC00E2}.Debug|Any CPU.ActiveCfg = Debug|Any CPU
		{7F741340-E1F5-4A81-BFD8-962EC4DC00E2}.Debug|Any CPU.Build.0 = Debug|Any CPU
		{7F741340-E1F5-4A81-BFD8-962EC4DC00E2}.Release|Any CPU.ActiveCfg = Release|Any CPU
		{7F741340-E1F5-4A81-BFD8-962EC4DC00E2}.Release|Any CPU.Build.0 = Release|Any CPU
		{44A6DDA3-C3DF-44EC-8017-D7A57269F561}.Debug|Any CPU.ActiveCfg = Debug|Any CPU
		{44A6DDA3-C3DF-44EC-8017-D7A57269F561}.Debug|Any CPU.Build.0 = Debug|Any CPU
		{44A6DDA3-C3DF-44EC-8017-D7A57269F561}.Release|Any CPU.ActiveCfg = Release|Any CPU
		{44A6DDA3-C3DF-44EC-8017-D7A57269F561}.Release|Any CPU.Build.0 = Release|Any CPU
		{0F19A708-B40F-4935-AB1E-55AEDD9E0795}.Debug|Any CPU.ActiveCfg = Debug|Any CPU
		{0F19A708-B40F-4935-AB1E-55AEDD9E0795}.Debug|Any CPU.Build.0 = Debug|Any CPU
		{0F19A708-B40F-4935-AB1E-55AEDD9E0795}.Release|Any CPU.ActiveCfg = Release|Any CPU
		{0F19A708-B40F-4935-AB1E-55AEDD9E0795}.Release|Any CPU.Build.0 = Release|Any CPU
	EndGlobalSection
	GlobalSection(SolutionProperties) = preSolution
		HideSolutionNode = FALSE
	EndGlobalSection
	GlobalSection(ExtensibilityGlobals) = postSolution
		SolutionGuid = {DF1C43A4-BCF6-4BC7-9645-147E37483FC5}
	EndGlobalSection
EndGlobal
