
Microsoft Visual Studio Solution File, Format Version 12.00
# Visual Studio Version 16
VisualStudioVersion = 16.0.28803.202
MinimumVisualStudioVersion = 10.0.40219.1
Project("{FAE04EC0-301F-11D3-BF4B-00C04F79EFBC}") = "Calculator.UI", "Calculator.UI\Calculator.UI.csproj", "{DACD0F33-5D05-495B-9D87-5EA74E2B7F81}"
EndProject
Global
	GlobalSection(SolutionConfigurationPlatforms) = preSolution
		Debug|Any CPU = Debug|Any CPU
		Release|Any CPU = Release|Any CPU
	EndGlobalSection
	GlobalSection(ProjectConfigurationPlatforms) = postSolution
		{DACD0F33-5D05-495B-9D87-5EA74E2B7F81}.Debug|Any CPU.ActiveCfg = Debug|Any CPU
		{DACD0F33-5D05-495B-9D87-5EA74E2B7F81}.Debug|Any CPU.Build.0 = Debug|Any CPU
		{DACD0F33-5D05-495B-9D87-5EA74E2B7F81}.Release|Any CPU.ActiveCfg = Release|Any CPU
		{DACD0F33-5D05-495B-9D87-5EA74E2B7F81}.Release|Any CPU.Build.0 = Release|Any CPU
	EndGlobalSection
	GlobalSection(SolutionProperties) = preSolution
		HideSolutionNode = FALSE
	EndGlobalSection
	GlobalSection(ExtensibilityGlobals) = postSolution
		SolutionGuid = {4AA4344E-33C5-45D0-A4E0-77D4E157335F}
	EndGlobalSection
EndGlobal
