
Microsoft Visual Studio Solution File, Format Version 12.00
# Visual Studio Version 16
VisualStudioVersion = 16.0.28803.202
MinimumVisualStudioVersion = 10.0.40219.1
Project("{FAE04EC0-301F-11D3-BF4B-00C04F79EFBC}") = "ConsoleApp1", "ConsoleApp1\ConsoleApp1.csproj", "{1C5236FB-7CED-42B5-82A1-A5D7D8BFBF22}"
EndProject
Global
	GlobalSection(SolutionConfigurationPlatforms) = preSolution
		Debug|Any CPU = Debug|Any CPU
		Release|Any CPU = Release|Any CPU
	EndGlobalSection
	GlobalSection(ProjectConfigurationPlatforms) = postSolution
		{1C5236FB-7CED-42B5-82A1-A5D7D8BFBF22}.Debug|Any CPU.ActiveCfg = Debug|Any CPU
		{1C5236FB-7CED-42B5-82A1-A5D7D8BFBF22}.Debug|Any CPU.Build.0 = Debug|Any CPU
		{1C5236FB-7CED-42B5-82A1-A5D7D8BFBF22}.Release|Any CPU.ActiveCfg = Release|Any CPU
		{1C5236FB-7CED-42B5-82A1-A5D7D8BFBF22}.Release|Any CPU.Build.0 = Release|Any CPU
	EndGlobalSection
	GlobalSection(SolutionProperties) = preSolution
		HideSolutionNode = FALSE
	EndGlobalSection
	GlobalSection(ExtensibilityGlobals) = postSolution
		SolutionGuid = {5AE4733E-A4CF-4941-B2B4-156BF57B5F76}
	EndGlobalSection
EndGlobal
